// !$*UTF8*$!
{
	archiveVersion = 1;
	classes = {
	};
	objectVersion = 56;
	objects = {

/* Begin PBXBuildFile section */
		EC5EC02A2BD7C0790017EEDD /* CircleGroupView.swift in Sources */ = {isa = PBXBuildFile; fileRef = EC5EC0292BD7C0790017EEDD /* CircleGroupView.swift */; };
		EC8790462BD040C300CC5657 /* RestartApp.swift in Sources */ = {isa = PBXBuildFile; fileRef = EC8790452BD040C300CC5657 /* RestartApp.swift */; };
		EC8790482BD040C300CC5657 /* ContentView.swift in Sources */ = {isa = PBXBuildFile; fileRef = EC8790472BD040C300CC5657 /* ContentView.swift */; };
		EC87904A2BD040C500CC5657 /* Assets.xcassets in Resources */ = {isa = PBXBuildFile; fileRef = EC8790492BD040C500CC5657 /* Assets.xcassets */; };
		EC87904D2BD040C500CC5657 /* Preview Assets.xcassets in Resources */ = {isa = PBXBuildFile; fileRef = EC87904C2BD040C500CC5657 /* Preview Assets.xcassets */; };
		EC8790572BD040C500CC5657 /* RestartTests.swift in Sources */ = {isa = PBXBuildFile; fileRef = EC8790562BD040C500CC5657 /* RestartTests.swift */; };
		EC8790612BD040C500CC5657 /* RestartUITests.swift in Sources */ = {isa = PBXBuildFile; fileRef = EC8790602BD040C500CC5657 /* RestartUITests.swift */; };
		EC8790632BD040C500CC5657 /* RestartUITestsLaunchTests.swift in Sources */ = {isa = PBXBuildFile; fileRef = EC8790622BD040C500CC5657 /* RestartUITestsLaunchTests.swift */; };
		EC87907A2BD0480000CC5657 /* chimeup.mp3 in Resources */ = {isa = PBXBuildFile; fileRef = EC8790792BD047C500CC5657 /* chimeup.mp3 */; };
		EC87907B2BD0480400CC5657 /* success.m4a in Resources */ = {isa = PBXBuildFile; fileRef = EC8790782BD047C500CC5657 /* success.m4a */; };
		EC8790812BD04D8C00CC5657 /* OnboardingView.swift in Sources */ = {isa = PBXBuildFile; fileRef = EC8790802BD04D8C00CC5657 /* OnboardingView.swift */; };
		EC8790832BD04D9D00CC5657 /* HomeView.swift in Sources */ = {isa = PBXBuildFile; fileRef = EC8790822BD04D9D00CC5657 /* HomeView.swift */; };
/* End PBXBuildFile section */

/* Begin PBXContainerItemProxy section */
		EC8790532BD040C500CC5657 /* PBXContainerItemProxy */ = {
			isa = PBXContainerItemProxy;
			containerPortal = EC87903A2BD040C300CC5657 /* Project object */;
			proxyType = 1;
			remoteGlobalIDString = EC8790412BD040C300CC5657;
			remoteInfo = Restart;
		};
		EC87905D2BD040C500CC5657 /* PBXContainerItemProxy */ = {
			isa = PBXContainerItemProxy;
			containerPortal = EC87903A2BD040C300CC5657 /* Project object */;
			proxyType = 1;
			remoteGlobalIDString = EC8790412BD040C300CC5657;
			remoteInfo = Restart;
		};
/* End PBXContainerItemProxy section */

/* Begin PBXFileReference section */
		EC5EC0292BD7C0790017EEDD /* CircleGroupView.swift */ = {isa = PBXFileReference; lastKnownFileType = sourcecode.swift; path = CircleGroupView.swift; sourceTree = "<group>"; };
		EC8790422BD040C300CC5657 /* Restart.app */ = {isa = PBXFileReference; explicitFileType = wrapper.application; includeInIndex = 0; path = Restart.app; sourceTree = BUILT_PRODUCTS_DIR; };
		EC8790452BD040C300CC5657 /* RestartApp.swift */ = {isa = PBXFileReference; lastKnownFileType = sourcecode.swift; path = RestartApp.swift; sourceTree = "<group>"; };
		EC8790472BD040C300CC5657 /* ContentView.swift */ = {isa = PBXFileReference; lastKnownFileType = sourcecode.swift; path = ContentView.swift; sourceTree = "<group>"; };
		EC8790492BD040C500CC5657 /* Assets.xcassets */ = {isa = PBXFileReference; lastKnownFileType = folder.assetcatalog; path = Assets.xcassets; sourceTree = "<group>"; };
		EC87904C2BD040C500CC5657 /* Preview Assets.xcassets */ = {isa = PBXFileReference; lastKnownFileType = folder.assetcatalog; path = "Preview Assets.xcassets"; sourceTree = "<group>"; };
		EC8790522BD040C500CC5657 /* RestartTests.xctest */ = {isa = PBXFileReference; explicitFileType = wrapper.cfbundle; includeInIndex = 0; path = RestartTests.xctest; sourceTree = BUILT_PRODUCTS_DIR; };
		EC8790562BD040C500CC5657 /* RestartTests.swift */ = {isa = PBXFileReference; lastKnownFileType = sourcecode.swift; path = RestartTests.swift; sourceTree = "<group>"; };
		EC87905C2BD040C500CC5657 /* RestartUITests.xctest */ = {isa = PBXFileReference; explicitFileType = wrapper.cfbundle; includeInIndex = 0; path = RestartUITests.xctest; sourceTree = BUILT_PRODUCTS_DIR; };
		EC8790602BD040C500CC5657 /* RestartUITests.swift */ = {isa = PBXFileReference; lastKnownFileType = sourcecode.swift; path = RestartUITests.swift; sourceTree = "<group>"; };
		EC8790622BD040C500CC5657 /* RestartUITestsLaunchTests.swift */ = {isa = PBXFileReference; lastKnownFileType = sourcecode.swift; path = RestartUITestsLaunchTests.swift; sourceTree = "<group>"; };
		EC8790782BD047C500CC5657 /* success.m4a */ = {isa = PBXFileReference; lastKnownFileType = file; path = success.m4a; sourceTree = "<group>"; };
		EC8790792BD047C500CC5657 /* chimeup.mp3 */ = {isa = PBXFileReference; lastKnownFileType = audio.mp3; path = chimeup.mp3; sourceTree = "<group>"; };
		EC87907F2BD04CB300CC5657 /* Info.plist */ = {isa = PBXFileReference; lastKnownFileType = text.plist; path = Info.plist; sourceTree = "<group>"; };
		EC8790802BD04D8C00CC5657 /* OnboardingView.swift */ = {isa = PBXFileReference; lastKnownFileType = sourcecode.swift; path = OnboardingView.swift; sourceTree = "<group>"; };
		EC8790822BD04D9D00CC5657 /* HomeView.swift */ = {isa = PBXFileReference; lastKnownFileType = sourcecode.swift; path = HomeView.swift; sourceTree = "<group>"; };
/* End PBXFileReference section */

/* Begin PBXFrameworksBuildPhase section */
		EC87903F2BD040C300CC5657 /* Frameworks */ = {
			isa = PBXFrameworksBuildPhase;
			buildActionMask = 2147483647;
			files = (
			);
			runOnlyForDeploymentPostprocessing = 0;
		};
		EC87904F2BD040C500CC5657 /* Frameworks */ = {
			isa = PBXFrameworksBuildPhase;
			buildActionMask = 2147483647;
			files = (
			);
			runOnlyForDeploymentPostprocessing = 0;
		};
		EC8790592BD040C500CC5657 /* Frameworks */ = {
			isa = PBXFrameworksBuildPhase;
			buildActionMask = 2147483647;
			files = (
			);
			runOnlyForDeploymentPostprocessing = 0;
		};
/* End PBXFrameworksBuildPhase section */

/* Begin PBXGroup section */
		EC8790392BD040C300CC5657 = {
			isa = PBXGroup;
			children = (
				EC8790442BD040C300CC5657 /* Restart */,
				EC8790552BD040C500CC5657 /* RestartTests */,
				EC87905F2BD040C500CC5657 /* RestartUITests */,
				EC8790432BD040C300CC5657 /* Products */,
			);
			sourceTree = "<group>";
		};
		EC8790432BD040C300CC5657 /* Products */ = {
			isa = PBXGroup;
			children = (
				EC8790422BD040C300CC5657 /* Restart.app */,
				EC8790522BD040C500CC5657 /* RestartTests.xctest */,
				EC87905C2BD040C500CC5657 /* RestartUITests.xctest */,
			);
			name = Products;
			sourceTree = "<group>";
		};
		EC8790442BD040C300CC5657 /* Restart */ = {
			isa = PBXGroup;
			children = (
				EC87907F2BD04CB300CC5657 /* Info.plist */,
				EC87907E2BD04ACD00CC5657 /* Utils */,
				EC87907D2BD04AAC00CC5657 /* Views */,
				EC8790772BD047C500CC5657 /* Sounds */,
				EC8790452BD040C300CC5657 /* RestartApp.swift */,
				EC87907C2BD04A4400CC5657 /* Screens */,
				EC8790492BD040C500CC5657 /* Assets.xcassets */,
				EC87904B2BD040C500CC5657 /* Preview Content */,
			);
			path = Restart;
			sourceTree = "<group>";
		};
		EC87904B2BD040C500CC5657 /* Preview Content */ = {
			isa = PBXGroup;
			children = (
				EC87904C2BD040C500CC5657 /* Preview Assets.xcassets */,
			);
			path = "Preview Content";
			sourceTree = "<group>";
		};
		EC8790552BD040C500CC5657 /* RestartTests */ = {
			isa = PBXGroup;
			children = (
				EC8790562BD040C500CC5657 /* RestartTests.swift */,
			);
			path = RestartTests;
			sourceTree = "<group>";
		};
		EC87905F2BD040C500CC5657 /* RestartUITests */ = {
			isa = PBXGroup;
			children = (
				EC8790602BD040C500CC5657 /* RestartUITests.swift */,
				EC8790622BD040C500CC5657 /* RestartUITestsLaunchTests.swift */,
			);
			path = RestartUITests;
			sourceTree = "<group>";
		};
		EC8790772BD047C500CC5657 /* Sounds */ = {
			isa = PBXGroup;
			children = (
				EC8790792BD047C500CC5657 /* chimeup.mp3 */,
				EC8790782BD047C500CC5657 /* success.m4a */,
			);
			path = Sounds;
			sourceTree = "<group>";
		};
		EC87907C2BD04A4400CC5657 /* Screens */ = {
			isa = PBXGroup;
			children = (
				EC8790472BD040C300CC5657 /* ContentView.swift */,
				EC8790802BD04D8C00CC5657 /* OnboardingView.swift */,
				EC8790822BD04D9D00CC5657 /* HomeView.swift */,
			);
			path = Screens;
			sourceTree = "<group>";
		};
		EC87907D2BD04AAC00CC5657 /* Views */ = {
			isa = PBXGroup;
			children = (
				EC5EC0292BD7C0790017EEDD /* CircleGroupView.swift */,
			);
			path = Views;
			sourceTree = "<group>";
		};
		EC87907E2BD04ACD00CC5657 /* Utils */ = {
			isa = PBXGroup;
			children = (
			);
			path = Utils;
			sourceTree = "<group>";
		};
/* End PBXGroup section */

/* Begin PBXNativeTarget section */
		EC8790412BD040C300CC5657 /* Restart */ = {
			isa = PBXNativeTarget;
			buildConfigurationList = EC8790662BD040C500CC5657 /* Build configuration list for PBXNativeTarget "Restart" */;
			buildPhases = (
				EC87903E2BD040C300CC5657 /* Sources */,
				EC87903F2BD040C300CC5657 /* Frameworks */,
				EC8790402BD040C300CC5657 /* Resources */,
			);
			buildRules = (
			);
			dependencies = (
			);
			name = Restart;
			productName = Restart;
			productReference = EC8790422BD040C300CC5657 /* Restart.app */;
			productType = "com.apple.product-type.application";
		};
		EC8790512BD040C500CC5657 /* RestartTests */ = {
			isa = PBXNativeTarget;
			buildConfigurationList = EC8790692BD040C500CC5657 /* Build configuration list for PBXNativeTarget "RestartTests" */;
			buildPhases = (
				EC87904E2BD040C500CC5657 /* Sources */,
				EC87904F2BD040C500CC5657 /* Frameworks */,
				EC8790502BD040C500CC5657 /* Resources */,
			);
			buildRules = (
			);
			dependencies = (
				EC8790542BD040C500CC5657 /* PBXTargetDependency */,
			);
			name = RestartTests;
			productName = RestartTests;
			productReference = EC8790522BD040C500CC5657 /* RestartTests.xctest */;
			productType = "com.apple.product-type.bundle.unit-test";
		};
		EC87905B2BD040C500CC5657 /* RestartUITests */ = {
			isa = PBXNativeTarget;
			buildConfigurationList = EC87906C2BD040C500CC5657 /* Build configuration list for PBXNativeTarget "RestartUITests" */;
			buildPhases = (
				EC8790582BD040C500CC5657 /* Sources */,
				EC8790592BD040C500CC5657 /* Frameworks */,
				EC87905A2BD040C500CC5657 /* Resources */,
			);
			buildRules = (
			);
			dependencies = (
				EC87905E2BD040C500CC5657 /* PBXTargetDependency */,
			);
			name = RestartUITests;
			productName = RestartUITests;
			productReference = EC87905C2BD040C500CC5657 /* RestartUITests.xctest */;
			productType = "com.apple.product-type.bundle.ui-testing";
		};
/* End PBXNativeTarget section */

/* Begin PBXProject section */
		EC87903A2BD040C300CC5657 /* Project object */ = {
			isa = PBXProject;
			attributes = {
				BuildIndependentTargetsInParallel = 1;
				LastSwiftUpdateCheck = 1530;
				LastUpgradeCheck = 1530;
				TargetAttributes = {
					EC8790412BD040C300CC5657 = {
						CreatedOnToolsVersion = 15.3;
					};
					EC8790512BD040C500CC5657 = {
						CreatedOnToolsVersion = 15.3;
						TestTargetID = EC8790412BD040C300CC5657;
					};
					EC87905B2BD040C500CC5657 = {
						CreatedOnToolsVersion = 15.3;
						TestTargetID = EC8790412BD040C300CC5657;
					};
				};
			};
			buildConfigurationList = EC87903D2BD040C300CC5657 /* Build configuration list for PBXProject "Restart" */;
			compatibilityVersion = "Xcode 14.0";
			developmentRegion = en;
			hasScannedForEncodings = 0;
			knownRegions = (
				en,
				Base,
			);
			mainGroup = EC8790392BD040C300CC5657;
			productRefGroup = EC8790432BD040C300CC5657 /* Products */;
			projectDirPath = "";
			projectRoot = "";
			targets = (
				EC8790412BD040C300CC5657 /* Restart */,
				EC8790512BD040C500CC5657 /* RestartTests */,
				EC87905B2BD040C500CC5657 /* RestartUITests */,
			);
		};
/* End PBXProject section */

/* Begin PBXResourcesBuildPhase section */
		EC8790402BD040C300CC5657 /* Resources */ = {
			isa = PBXResourcesBuildPhase;
			buildActionMask = 2147483647;
			files = (
				EC87907B2BD0480400CC5657 /* success.m4a in Resources */,
				EC87907A2BD0480000CC5657 /* chimeup.mp3 in Resources */,
				EC87904D2BD040C500CC5657 /* Preview Assets.xcassets in Resources */,
				EC87904A2BD040C500CC5657 /* Assets.xcassets in Resources */,
			);
			runOnlyForDeploymentPostprocessing = 0;
		};
		EC8790502BD040C500CC5657 /* Resources */ = {
			isa = PBXResourcesBuildPhase;
			buildActionMask = 2147483647;
			files = (
			);
			runOnlyForDeploymentPostprocessing = 0;
		};
		EC87905A2BD040C500CC5657 /* Resources */ = {
			isa = PBXResourcesBuildPhase;
			buildActionMask = 2147483647;
			files = (
			);
			runOnlyForDeploymentPostprocessing = 0;
		};
/* End PBXResourcesBuildPhase section */

/* Begin PBXSourcesBuildPhase section */
		EC87903E2BD040C300CC5657 /* Sources */ = {
			isa = PBXSourcesBuildPhase;
			buildActionMask = 2147483647;
			files = (
				EC5EC02A2BD7C0790017EEDD /* CircleGroupView.swift in Sources */,
				EC8790812BD04D8C00CC5657 /* OnboardingView.swift in Sources */,
				EC8790832BD04D9D00CC5657 /* HomeView.swift in Sources */,
				EC8790482BD040C300CC5657 /* ContentView.swift in Sources */,
				EC8790462BD040C300CC5657 /* RestartApp.swift in Sources */,
			);
			runOnlyForDeploymentPostprocessing = 0;
		};
		EC87904E2BD040C500CC5657 /* Sources */ = {
			isa = PBXSourcesBuildPhase;
			buildActionMask = 2147483647;
			files = (
				EC8790572BD040C500CC5657 /* RestartTests.swift in Sources */,
			);
			runOnlyForDeploymentPostprocessing = 0;
		};
		EC8790582BD040C500CC5657 /* Sources */ = {
			isa = PBXSourcesBuildPhase;
			buildActionMask = 2147483647;
			files = (
				EC8790632BD040C500CC5657 /* RestartUITestsLaunchTests.swift in Sources */,
				EC8790612BD040C500CC5657 /* RestartUITests.swift in Sources */,
			);
			runOnlyForDeploymentPostprocessing = 0;
		};
/* End PBXSourcesBuildPhase section */

/* Begin PBXTargetDependency section */
		EC8790542BD040C500CC5657 /* PBXTargetDependency */ = {
			isa = PBXTargetDependency;
			target = EC8790412BD040C300CC5657 /* Restart */;
			targetProxy = EC8790532BD040C500CC5657 /* PBXContainerItemProxy */;
		};
		EC87905E2BD040C500CC5657 /* PBXTargetDependency */ = {
			isa = PBXTargetDependency;
			target = EC8790412BD040C300CC5657 /* Restart */;
			targetProxy = EC87905D2BD040C500CC5657 /* PBXContainerItemProxy */;
		};
/* End PBXTargetDependency section */

/* Begin XCBuildConfiguration section */
		EC8790642BD040C500CC5657 /* Debug */ = {
			isa = XCBuildConfiguration;
			buildSettings = {
				ALWAYS_SEARCH_USER_PATHS = NO;
				ASSETCATALOG_COMPILER_GENERATE_SWIFT_ASSET_SYMBOL_EXTENSIONS = YES;
				CLANG_ANALYZER_NONNULL = YES;
				CLANG_ANALYZER_NUMBER_OBJECT_CONVERSION = YES_AGGRESSIVE;
				CLANG_CXX_LANGUAGE_STANDARD = "gnu++20";
				CLANG_ENABLE_MODULES = YES;
				CLANG_ENABLE_OBJC_ARC = YES;
				CLANG_ENABLE_OBJC_WEAK = YES;
				CLANG_WARN_BLOCK_CAPTURE_AUTORELEASING = YES;
				CLANG_WARN_BOOL_CONVERSION = YES;
				CLANG_WARN_COMMA = YES;
				CLANG_WARN_CONSTANT_CONVERSION = YES;
				CLANG_WARN_DEPRECATED_OBJC_IMPLEMENTATIONS = YES;
				CLANG_WARN_DIRECT_OBJC_ISA_USAGE = YES_ERROR;
				CLANG_WARN_DOCUMENTATION_COMMENTS = YES;
				CLANG_WARN_EMPTY_BODY = YES;
				CLANG_WARN_ENUM_CONVERSION = YES;
				CLANG_WARN_INFINITE_RECURSION = YES;
				CLANG_WARN_INT_CONVERSION = YES;
				CLANG_WARN_NON_LITERAL_NULL_CONVERSION = YES;
				CLANG_WARN_OBJC_IMPLICIT_RETAIN_SELF = YES;
				CLANG_WARN_OBJC_LITERAL_CONVERSION = YES;
				CLANG_WARN_OBJC_ROOT_CLASS = YES_ERROR;
				CLANG_WARN_QUOTED_INCLUDE_IN_FRAMEWORK_HEADER = YES;
				CLANG_WARN_RANGE_LOOP_ANALYSIS = YES;
				CLANG_WARN_STRICT_PROTOTYPES = YES;
				CLANG_WARN_SUSPICIOUS_MOVE = YES;
				CLANG_WARN_UNGUARDED_AVAILABILITY = YES_AGGRESSIVE;
				CLANG_WARN_UNREACHABLE_CODE = YES;
				CLANG_WARN__DUPLICATE_METHOD_MATCH = YES;
				COPY_PHASE_STRIP = NO;
				DEBUG_INFORMATION_FORMAT = dwarf;
				ENABLE_STRICT_OBJC_MSGSEND = YES;
				ENABLE_TESTABILITY = YES;
				ENABLE_USER_SCRIPT_SANDBOXING = YES;
				GCC_C_LANGUAGE_STANDARD = gnu17;
				GCC_DYNAMIC_NO_PIC = NO;
				GCC_NO_COMMON_BLOCKS = YES;
				GCC_OPTIMIZATION_LEVEL = 0;
				GCC_PREPROCESSOR_DEFINITIONS = (
					"DEBUG=1",
					"$(inherited)",
				);
				GCC_WARN_64_TO_32_BIT_CONVERSION = YES;
				GCC_WARN_ABOUT_RETURN_TYPE = YES_ERROR;
				GCC_WARN_UNDECLARED_SELECTOR = YES;
				GCC_WARN_UNINITIALIZED_AUTOS = YES_AGGRESSIVE;
				GCC_WARN_UNUSED_FUNCTION = YES;
				GCC_WARN_UNUSED_VARIABLE = YES;
				IPHONEOS_DEPLOYMENT_TARGET = 17.4;
				LOCALIZATION_PREFERS_STRING_CATALOGS = YES;
				MTL_ENABLE_DEBUG_INFO = INCLUDE_SOURCE;
				MTL_FAST_MATH = YES;
				ONLY_ACTIVE_ARCH = YES;
				SDKROOT = iphoneos;
				SWIFT_ACTIVE_COMPILATION_CONDITIONS = "DEBUG $(inherited)";
				SWIFT_OPTIMIZATION_LEVEL = "-Onone";
			};
			name = Debug;
		};
		EC8790652BD040C500CC5657 /* Release */ = {
			isa = XCBuildConfiguration;
			buildSettings = {
				ALWAYS_SEARCH_USER_PATHS = NO;
				ASSETCATALOG_COMPILER_GENERATE_SWIFT_ASSET_SYMBOL_EXTENSIONS = YES;
				CLANG_ANALYZER_NONNULL = YES;
				CLANG_ANALYZER_NUMBER_OBJECT_CONVERSION = YES_AGGRESSIVE;
				CLANG_CXX_LANGUAGE_STANDARD = "gnu++20";
				CLANG_ENABLE_MODULES = YES;
				CLANG_ENABLE_OBJC_ARC = YES;
				CLANG_ENABLE_OBJC_WEAK = YES;
				CLANG_WARN_BLOCK_CAPTURE_AUTORELEASING = YES;
				CLANG_WARN_BOOL_CONVERSION = YES;
				CLANG_WARN_COMMA = YES;
				CLANG_WARN_CONSTANT_CONVERSION = YES;
				CLANG_WARN_DEPRECATED_OBJC_IMPLEMENTATIONS = YES;
				CLANG_WARN_DIRECT_OBJC_ISA_USAGE = YES_ERROR;
				CLANG_WARN_DOCUMENTATION_COMMENTS = YES;
				CLANG_WARN_EMPTY_BODY = YES;
				CLANG_WARN_ENUM_CONVERSION = YES;
				CLANG_WARN_INFINITE_RECURSION = YES;
				CLANG_WARN_INT_CONVERSION = YES;
				CLANG_WARN_NON_LITERAL_NULL_CONVERSION = YES;
				CLANG_WARN_OBJC_IMPLICIT_RETAIN_SELF = YES;
				CLANG_WARN_OBJC_LITERAL_CONVERSION = YES;
				CLANG_WARN_OBJC_ROOT_CLASS = YES_ERROR;
				CLANG_WARN_QUOTED_INCLUDE_IN_FRAMEWORK_HEADER = YES;
				CLANG_WARN_RANGE_LOOP_ANALYSIS = YES;
				CLANG_WARN_STRICT_PROTOTYPES = YES;
				CLANG_WARN_SUSPICIOUS_MOVE = YES;
				CLANG_WARN_UNGUARDED_AVAILABILITY = YES_AGGRESSIVE;
				CLANG_WARN_UNREACHABLE_CODE = YES;
				CLANG_WARN__DUPLICATE_METHOD_MATCH = YES;
				COPY_PHASE_STRIP = NO;
				DEBUG_INFORMATION_FORMAT = "dwarf-with-dsym";
				ENABLE_NS_ASSERTIONS = NO;
				ENABLE_STRICT_OBJC_MSGSEND = YES;
				ENABLE_USER_SCRIPT_SANDBOXING = YES;
				GCC_C_LANGUAGE_STANDARD = gnu17;
				GCC_NO_COMMON_BLOCKS = YES;
				GCC_WARN_64_TO_32_BIT_CONVERSION = YES;
				GCC_WARN_ABOUT_RETURN_TYPE = YES_ERROR;
				GCC_WARN_UNDECLARED_SELECTOR = YES;
				GCC_WARN_UNINITIALIZED_AUTOS = YES_AGGRESSIVE;
				GCC_WARN_UNUSED_FUNCTION = YES;
				GCC_WARN_UNUSED_VARIABLE = YES;
				IPHONEOS_DEPLOYMENT_TARGET = 17.4;
				LOCALIZATION_PREFERS_STRING_CATALOGS = YES;
				MTL_ENABLE_DEBUG_INFO = NO;
				MTL_FAST_MATH = YES;
				SDKROOT = iphoneos;
				SWIFT_COMPILATION_MODE = wholemodule;
				VALIDATE_PRODUCT = YES;
			};
			name = Release;
		};
		EC8790672BD040C500CC5657 /* Debug */ = {
			isa = XCBuildConfiguration;
			buildSettings = {
				ASSETCATALOG_COMPILER_APPICON_NAME = AppIcon;
				ASSETCATALOG_COMPILER_GLOBAL_ACCENT_COLOR_NAME = AccentColor;
				CODE_SIGN_STYLE = Automatic;
				CURRENT_PROJECT_VERSION = 1;
				DEVELOPMENT_ASSET_PATHS = "\"Restart/Preview Content\"";
				ENABLE_PREVIEWS = YES;
				GENERATE_INFOPLIST_FILE = YES;
				INFOPLIST_FILE = Restart/Info.plist;
				INFOPLIST_KEY_UIApplicationSceneManifest_Generation = YES;
				INFOPLIST_KEY_UIApplicationSupportsIndirectInputEvents = YES;
				INFOPLIST_KEY_UISupportedInterfaceOrientations = UIInterfaceOrientationPortrait;
				INFOPLIST_KEY_UISupportedInterfaceOrientations_iPad = "UIInterfaceOrientationPortrait UIInterfaceOrientationPortraitUpsideDown";
				LD_RUNPATH_SEARCH_PATHS = (
					"$(inherited)",
					"@executable_path/Frameworks",
				);
				MARKETING_VERSION = 1.0;
				PRODUCT_BUNDLE_IDENTIFIER = com.monirdev.Restart;
				PRODUCT_NAME = "$(TARGET_NAME)";
				SWIFT_EMIT_LOC_STRINGS = YES;
				SWIFT_VERSION = 5.0;
				TARGETED_DEVICE_FAMILY = "1,2";
			};
			name = Debug;
		};
		EC8790682BD040C500CC5657 /* Release */ = {
			isa = XCBuildConfiguration;
			buildSettings = {
				ASSETCATALOG_COMPILER_APPICON_NAME = AppIcon;
				ASSETCATALOG_COMPILER_GLOBAL_ACCENT_COLOR_NAME = AccentColor;
				CODE_SIGN_STYLE = Automatic;
				CURRENT_PROJECT_VERSION = 1;
				DEVELOPMENT_ASSET_PATHS = "\"Restart/Preview Content\"";
				ENABLE_PREVIEWS = YES;
				GENERATE_INFOPLIST_FILE = YES;
				INFOPLIST_FILE = Restart/Info.plist;
				INFOPLIST_KEY_UIApplicationSceneManifest_Generation = YES;
				INFOPLIST_KEY_UIApplicationSupportsIndirectInputEvents = YES;
				INFOPLIST_KEY_UISupportedInterfaceOrientations = UIInterfaceOrientationPortrait;
				INFOPLIST_KEY_UISupportedInterfaceOrientations_iPad = "UIInterfaceOrientationPortrait UIInterfaceOrientationPortraitUpsideDown";
				LD_RUNPATH_SEARCH_PATHS = (
					"$(inherited)",
					"@executable_path/Frameworks",
				);
				MARKETING_VERSION = 1.0;
				PRODUCT_BUNDLE_IDENTIFIER = com.monirdev.Restart;
				PRODUCT_NAME = "$(TARGET_NAME)";
				SWIFT_EMIT_LOC_STRINGS = YES;
				SWIFT_VERSION = 5.0;
				TARGETED_DEVICE_FAMILY = "1,2";
			};
			name = Release;
		};
		EC87906A2BD040C500CC5657 /* Debug */ = {
			isa = XCBuildConfiguration;
			buildSettings = {
				ALWAYS_EMBED_SWIFT_STANDARD_LIBRARIES = YES;
				BUNDLE_LOADER = "$(TEST_HOST)";
				CODE_SIGN_STYLE = Automatic;
				CURRENT_PROJECT_VERSION = 1;
				GENERATE_INFOPLIST_FILE = YES;
				IPHONEOS_DEPLOYMENT_TARGET = 17.4;
				MARKETING_VERSION = 1.0;
				PRODUCT_BUNDLE_IDENTIFIER = com.monirdev.RestartTests;
				PRODUCT_NAME = "$(TARGET_NAME)";
				SWIFT_EMIT_LOC_STRINGS = NO;
				SWIFT_VERSION = 5.0;
				TARGETED_DEVICE_FAMILY = "1,2";
				TEST_HOST = "$(BUILT_PRODUCTS_DIR)/Restart.app/$(BUNDLE_EXECUTABLE_FOLDER_PATH)/Restart";
			};
			name = Debug;
		};
		EC87906B2BD040C500CC5657 /* Release */ = {
			isa = XCBuildConfiguration;
			buildSettings = {
				ALWAYS_EMBED_SWIFT_STANDARD_LIBRARIES = YES;
				BUNDLE_LOADER = "$(TEST_HOST)";
				CODE_SIGN_STYLE = Automatic;
				CURRENT_PROJECT_VERSION = 1;
				GENERATE_INFOPLIST_FILE = YES;
				IPHONEOS_DEPLOYMENT_TARGET = 17.4;
				MARKETING_VERSION = 1.0;
				PRODUCT_BUNDLE_IDENTIFIER = com.monirdev.RestartTests;
				PRODUCT_NAME = "$(TARGET_NAME)";
				SWIFT_EMIT_LOC_STRINGS = NO;
				SWIFT_VERSION = 5.0;
				TARGETED_DEVICE_FAMILY = "1,2";
				TEST_HOST = "$(BUILT_PRODUCTS_DIR)/Restart.app/$(BUNDLE_EXECUTABLE_FOLDER_PATH)/Restart";
			};
			name = Release;
		};
		EC87906D2BD040C500CC5657 /* Debug */ = {
			isa = XCBuildConfiguration;
			buildSettings = {
				ALWAYS_EMBED_SWIFT_STANDARD_LIBRARIES = YES;
				CODE_SIGN_STYLE = Automatic;
				CURRENT_PROJECT_VERSION = 1;
				GENERATE_INFOPLIST_FILE = YES;
				MARKETING_VERSION = 1.0;
				PRODUCT_BUNDLE_IDENTIFIER = com.monirdev.RestartUITests;
				PRODUCT_NAME = "$(TARGET_NAME)";
				SWIFT_EMIT_LOC_STRINGS = NO;
				SWIFT_VERSION = 5.0;
				TARGETED_DEVICE_FAMILY = "1,2";
				TEST_TARGET_NAME = Restart;
			};
			name = Debug;
		};
		EC87906E2BD040C500CC5657 /* Release */ = {
			isa = XCBuildConfiguration;
			buildSettings = {
				ALWAYS_EMBED_SWIFT_STANDARD_LIBRARIES = YES;
				CODE_SIGN_STYLE = Automatic;
				CURRENT_PROJECT_VERSION = 1;
				GENERATE_INFOPLIST_FILE = YES;
				MARKETING_VERSION = 1.0;
				PRODUCT_BUNDLE_IDENTIFIER = com.monirdev.RestartUITests;
				PRODUCT_NAME = "$(TARGET_NAME)";
				SWIFT_EMIT_LOC_STRINGS = NO;
				SWIFT_VERSION = 5.0;
				TARGETED_DEVICE_FAMILY = "1,2";
				TEST_TARGET_NAME = Restart;
			};
			name = Release;
		};
/* End XCBuildConfiguration section */

/* Begin XCConfigurationList section */
		EC87903D2BD040C300CC5657 /* Build configuration list for PBXProject "Restart" */ = {
			isa = XCConfigurationList;
			buildConfigurations = (
				EC8790642BD040C500CC5657 /* Debug */,
				EC8790652BD040C500CC5657 /* Release */,
			);
			defaultConfigurationIsVisible = 0;
			defaultConfigurationName = Release;
		};
		EC8790662BD040C500CC5657 /* Build configuration list for PBXNativeTarget "Restart" */ = {
			isa = XCConfigurationList;
			buildConfigurations = (
				EC8790672BD040C500CC5657 /* Debug */,
				EC8790682BD040C500CC5657 /* Release */,
			);
			defaultConfigurationIsVisible = 0;
			defaultConfigurationName = Release;
		};
		EC8790692BD040C500CC5657 /* Build configuration list for PBXNativeTarget "RestartTests" */ = {
			isa = XCConfigurationList;
			buildConfigurations = (
				EC87906A2BD040C500CC5657 /* Debug */,
				EC87906B2BD040C500CC5657 /* Release */,
			);
			defaultConfigurationIsVisible = 0;
			defaultConfigurationName = Release;
		};
		EC87906C2BD040C500CC5657 /* Build configuration list for PBXNativeTarget "RestartUITests" */ = {
			isa = XCConfigurationList;
			buildConfigurations = (
				EC87906D2BD040C500CC5657 /* Debug */,
				EC87906E2BD040C500CC5657 /* Release */,
			);
			defaultConfigurationIsVisible = 0;
			defaultConfigurationName = Release;
		};
/* End XCConfigurationList section */
	};
	rootObject = EC87903A2BD040C300CC5657 /* Project object */;
}
